// !$*UTF8*$!
{
	archiveVersion = 1;
	classes = {
	};
	objectVersion = 77;
	objects = {

/* Begin PBXBuildFile section */
		3FC461602E4044300097EC72 /* FirebaseAI in Frameworks */ = {isa = PBXBuildFile; productRef = 3FC4615F2E4044300097EC72 /* FirebaseAI */; };
		3FC461622E4044300097EC72 /* FirebaseAnalytics in Frameworks */ = {isa = PBXBuildFile; productRef = 3FC461612E4044300097EC72 /* FirebaseAnalytics */; };
		3FC461642E4044300097EC72 /* FirebaseAnalyticsCore in Frameworks */ = {isa = PBXBuildFile; productRef = 3FC461632E4044300097EC72 /* FirebaseAnalyticsCore */; };
		3FC461662E4044300097EC72 /* FirebaseAnalyticsIdentitySupport in Frameworks */ = {isa = PBXBuildFile; productRef = 3FC461652E4044300097EC72 /* FirebaseAnalyticsIdentitySupport */; };
		3FC461682E4044300097EC72 /* FirebaseAppCheck in Frameworks */ = {isa = PBXBuildFile; productRef = 3FC461672E4044300097EC72 /* FirebaseAppCheck */; };
		3FC4616A2E4044300097EC72 /* FirebaseAppDistribution-Beta in Frameworks */ = {isa = PBXBuildFile; productRef = 3FC461692E4044300097EC72 /* FirebaseAppDistribution-Beta */; };
		3FC4616C2E4044300097EC72 /* FirebaseAuth in Frameworks */ = {isa = PBXBuildFile; productRef = 3FC4616B2E4044300097EC72 /* FirebaseAuth */; };
		3FC4616E2E4044300097EC72 /* FirebaseAuthCombine-Community in Frameworks */ = {isa = PBXBuildFile; productRef = 3FC4616D2E4044300097EC72 /* FirebaseAuthCombine-Community */; };
		3FC461702E4044300097EC72 /* FirebaseCore in Frameworks */ = {isa = PBXBuildFile; productRef = 3FC4616F2E4044300097EC72 /* FirebaseCore */; };
		3FC461722E4044300097EC72 /* FirebaseCrashlytics in Frameworks */ = {isa = PBXBuildFile; productRef = 3FC461712E4044300097EC72 /* FirebaseCrashlytics */; };
		3FC461742E4044300097EC72 /* FirebaseDatabase in Frameworks */ = {isa = PBXBuildFile; productRef = 3FC461732E4044300097EC72 /* FirebaseDatabase */; };
		3FC461762E4044300097EC72 /* FirebaseFirestore in Frameworks */ = {isa = PBXBuildFile; productRef = 3FC461752E4044300097EC72 /* FirebaseFirestore */; };
		3FC461782E4044300097EC72 /* FirebaseFirestoreCombine-Community in Frameworks */ = {isa = PBXBuildFile; productRef = 3FC461772E4044300097EC72 /* FirebaseFirestoreCombine-Community */; };
		3FC4617A2E4044300097EC72 /* FirebaseFunctions in Frameworks */ = {isa = PBXBuildFile; productRef = 3FC461792E4044300097EC72 /* FirebaseFunctions */; };
		3FC4617C2E4044300097EC72 /* FirebaseFunctionsCombine-Community in Frameworks */ = {isa = PBXBuildFile; productRef = 3FC4617B2E4044300097EC72 /* FirebaseFunctionsCombine-Community */; };
		3FC4617E2E4044300097EC72 /* FirebaseInAppMessaging-Beta in Frameworks */ = {isa = PBXBuildFile; productRef = 3FC4617D2E4044300097EC72 /* FirebaseInAppMessaging-Beta */; };
		3FC461802E4044300097EC72 /* FirebaseInstallations in Frameworks */ = {isa = PBXBuildFile; productRef = 3FC4617F2E4044300097EC72 /* FirebaseInstallations */; };
		3FC461822E4044300097EC72 /* FirebaseMLModelDownloader in Frameworks */ = {isa = PBXBuildFile; productRef = 3FC461812E4044300097EC72 /* FirebaseMLModelDownloader */; };
		3FC461842E4044300097EC72 /* FirebaseMessaging in Frameworks */ = {isa = PBXBuildFile; productRef = 3FC461832E4044300097EC72 /* FirebaseMessaging */; };
		3FC461862E4044300097EC72 /* FirebasePerformance in Frameworks */ = {isa = PBXBuildFile; productRef = 3FC461852E4044300097EC72 /* FirebasePerformance */; };
		3FC461882E4044300097EC72 /* FirebaseRemoteConfig in Frameworks */ = {isa = PBXBuildFile; productRef = 3FC461872E4044300097EC72 /* FirebaseRemoteConfig */; };
		3FC4618A2E4044300097EC72 /* FirebaseStorage in Frameworks */ = {isa = PBXBuildFile; productRef = 3FC461892E4044300097EC72 /* FirebaseStorage */; };
		3FC4618C2E4044300097EC72 /* FirebaseStorageCombine-Community in Frameworks */ = {isa = PBXBuildFile; productRef = 3FC4618B2E4044300097EC72 /* FirebaseStorageCombine-Community */; };
/* End PBXBuildFile section */

/* Begin PBXFileReference section */
		560132C72E2F1229006DA73A /* PetalPal.app */ = {isa = PBXFileReference; explicitFileType = wrapper.application; includeInIndex = 0; path = PetalPal.app; sourceTree = BUILT_PRODUCTS_DIR; };
/* End PBXFileReference section */

/* Begin PBXFileSystemSynchronizedBuildFileExceptionSet section */
		560132DB2E2F12BE006DA73A /* Exceptions for "PetalPal" folder in "PetalPal" target */ = {
			isa = PBXFileSystemSynchronizedBuildFileExceptionSet;
			membershipExceptions = (
				Info.plist,
			);
			target = 560132C62E2F1229006DA73A /* PetalPal */;
		};
/* End PBXFileSystemSynchronizedBuildFileExceptionSet section */

/* Begin PBXFileSystemSynchronizedRootGroup section */
		560132C92E2F1229006DA73A /* PetalPal */ = {
			isa = PBXFileSystemSynchronizedRootGroup;
			exceptions = (
				560132DB2E2F12BE006DA73A /* Exceptions for "PetalPal" folder in "PetalPal" target */,
			);
			path = PetalPal;
			sourceTree = "<group>";
		};
/* End PBXFileSystemSynchronizedRootGroup section */

/* Begin PBXFrameworksBuildPhase section */
		560132C42E2F1229006DA73A /* Frameworks */ = {
			isa = PBXFrameworksBuildPhase;
			buildActionMask = 2147483647;
			files = (
				3FC461782E4044300097EC72 /* FirebaseFirestoreCombine-Community in Frameworks */,
				3FC4617A2E4044300097EC72 /* FirebaseFunctions in Frameworks */,
				3FC461862E4044300097EC72 /* FirebasePerformance in Frameworks */,
				3FC4618C2E4044300097EC72 /* FirebaseStorageCombine-Community in Frameworks */,
				3FC461882E4044300097EC72 /* FirebaseRemoteConfig in Frameworks */,
				3FC461662E4044300097EC72 /* FirebaseAnalyticsIdentitySupport in Frameworks */,
				3FC461622E4044300097EC72 /* FirebaseAnalytics in Frameworks */,
				3FC461642E4044300097EC72 /* FirebaseAnalyticsCore in Frameworks */,
				3FC461682E4044300097EC72 /* FirebaseAppCheck in Frameworks */,
				3FC461602E4044300097EC72 /* FirebaseAI in Frameworks */,
				3FC461762E4044300097EC72 /* FirebaseFirestore in Frameworks */,
				3FC461842E4044300097EC72 /* FirebaseMessaging in Frameworks */,
				3FC461802E4044300097EC72 /* FirebaseInstallations in Frameworks */,
				3FC4617C2E4044300097EC72 /* FirebaseFunctionsCombine-Community in Frameworks */,
				3FC4616C2E4044300097EC72 /* FirebaseAuth in Frameworks */,
				3FC4616A2E4044300097EC72 /* FirebaseAppDistribution-Beta in Frameworks */,
				3FC4617E2E4044300097EC72 /* FirebaseInAppMessaging-Beta in Frameworks */,
				3FC461722E4044300097EC72 /* FirebaseCrashlytics in Frameworks */,
				3FC461742E4044300097EC72 /* FirebaseDatabase in Frameworks */,
				3FC461822E4044300097EC72 /* FirebaseMLModelDownloader in Frameworks */,
				3FC4618A2E4044300097EC72 /* FirebaseStorage in Frameworks */,
				3FC461702E4044300097EC72 /* FirebaseCore in Frameworks */,
				3FC4616E2E4044300097EC72 /* FirebaseAuthCombine-Community in Frameworks */,
			);
			runOnlyForDeploymentPostprocessing = 0;
		};
/* End PBXFrameworksBuildPhase section */

/* Begin PBXGroup section */
		560132BE2E2F1229006DA73A = {
			isa = PBXGroup;
			children = (
				560132C92E2F1229006DA73A /* PetalPal */,
				560132C82E2F1229006DA73A /* Products */,
			);
			sourceTree = "<group>";
		};
		560132C82E2F1229006DA73A /* Products */ = {
			isa = PBXGroup;
			children = (
				560132C72E2F1229006DA73A /* PetalPal.app */,
			);
			name = Products;
			sourceTree = "<group>";
		};
/* End PBXGroup section */

/* Begin PBXNativeTarget section */
		560132C62E2F1229006DA73A /* PetalPal */ = {
			isa = PBXNativeTarget;
			buildConfigurationList = 560132D52E2F122B006DA73A /* Build configuration list for PBXNativeTarget "PetalPal" */;
			buildPhases = (
				560132C32E2F1229006DA73A /* Sources */,
				560132C42E2F1229006DA73A /* Frameworks */,
				560132C52E2F1229006DA73A /* Resources */,
			);
			buildRules = (
			);
			dependencies = (
			);
			fileSystemSynchronizedGroups = (
				560132C92E2F1229006DA73A /* PetalPal */,
			);
			name = PetalPal;
			packageProductDependencies = (
				3FC4615F2E4044300097EC72 /* FirebaseAI */,
				3FC461612E4044300097EC72 /* FirebaseAnalytics */,
				3FC461632E4044300097EC72 /* FirebaseAnalyticsCore */,
				3FC461652E4044300097EC72 /* FirebaseAnalyticsIdentitySupport */,
				3FC461672E4044300097EC72 /* FirebaseAppCheck */,
				3FC461692E4044300097EC72 /* FirebaseAppDistribution-Beta */,
				3FC4616B2E4044300097EC72 /* FirebaseAuth */,
				3FC4616D2E4044300097EC72 /* FirebaseAuthCombine-Community */,
				3FC4616F2E4044300097EC72 /* FirebaseCore */,
				3FC461712E4044300097EC72 /* FirebaseCrashlytics */,
				3FC461732E4044300097EC72 /* FirebaseDatabase */,
				3FC461752E4044300097EC72 /* FirebaseFirestore */,
				3FC461772E4044300097EC72 /* FirebaseFirestoreCombine-Community */,
				3FC461792E4044300097EC72 /* FirebaseFunctions */,
				3FC4617B2E4044300097EC72 /* FirebaseFunctionsCombine-Community */,
				3FC4617D2E4044300097EC72 /* FirebaseInAppMessaging-Beta */,
				3FC4617F2E4044300097EC72 /* FirebaseInstallations */,
				3FC461812E4044300097EC72 /* FirebaseMLModelDownloader */,
				3FC461832E4044300097EC72 /* FirebaseMessaging */,
				3FC461852E4044300097EC72 /* FirebasePerformance */,
				3FC461872E4044300097EC72 /* FirebaseRemoteConfig */,
				3FC461892E4044300097EC72 /* FirebaseStorage */,
				3FC4618B2E4044300097EC72 /* FirebaseStorageCombine-Community */,
			);
			productName = PetalPal;
			productReference = 560132C72E2F1229006DA73A /* PetalPal.app */;
			productType = "com.apple.product-type.application";
		};
/* End PBXNativeTarget section */

/* Begin PBXProject section */
		560132BF2E2F1229006DA73A /* Project object */ = {
			isa = PBXProject;
			attributes = {
				BuildIndependentTargetsInParallel = 1;
				LastSwiftUpdateCheck = 1620;
				LastUpgradeCheck = 1630;
				TargetAttributes = {
					560132C62E2F1229006DA73A = {
						CreatedOnToolsVersion = 16.2;
					};
				};
			};
			buildConfigurationList = 560132C22E2F1229006DA73A /* Build configuration list for PBXProject "PetalPal" */;
			developmentRegion = en;
			hasScannedForEncodings = 0;
			knownRegions = (
				en,
				Base,
			);
			mainGroup = 560132BE2E2F1229006DA73A;
			minimizedProjectReferenceProxies = 1;
			packageReferences = (
				3FC4615E2E4044300097EC72 /* XCRemoteSwiftPackageReference "firebase-ios-sdk" */,
			);
			preferredProjectObjectVersion = 77;
			productRefGroup = 560132C82E2F1229006DA73A /* Products */;
			projectDirPath = "";
			projectRoot = "";
			targets = (
				560132C62E2F1229006DA73A /* PetalPal */,
			);
		};
/* End PBXProject section */

/* Begin PBXResourcesBuildPhase section */
		560132C52E2F1229006DA73A /* Resources */ = {
			isa = PBXResourcesBuildPhase;
			buildActionMask = 2147483647;
			files = (
			);
			runOnlyForDeploymentPostprocessing = 0;
		};
/* End PBXResourcesBuildPhase section */

/* Begin PBXSourcesBuildPhase section */
		560132C32E2F1229006DA73A /* Sources */ = {
			isa = PBXSourcesBuildPhase;
			buildActionMask = 2147483647;
			files = (
			);
			runOnlyForDeploymentPostprocessing = 0;
		};
/* End PBXSourcesBuildPhase section */

/* Begin XCBuildConfiguration section */
		560132D32E2F122B006DA73A /* Debug */ = {
			isa = XCBuildConfiguration;
			buildSettings = {
				ALWAYS_SEARCH_USER_PATHS = NO;
				ASSETCATALOG_COMPILER_GENERATE_SWIFT_ASSET_SYMBOL_EXTENSIONS = YES;
				CLANG_ANALYZER_NONNULL = YES;
				CLANG_ANALYZER_NUMBER_OBJECT_CONVERSION = YES_AGGRESSIVE;
				CLANG_CXX_LANGUAGE_STANDARD = "gnu++20";
				CLANG_ENABLE_MODULES = YES;
				CLANG_ENABLE_OBJC_ARC = YES;
				CLANG_ENABLE_OBJC_WEAK = YES;
				CLANG_WARN_BLOCK_CAPTURE_AUTORELEASING = YES;
				CLANG_WARN_BOOL_CONVERSION = YES;
				CLANG_WARN_COMMA = YES;
				CLANG_WARN_CONSTANT_CONVERSION = YES;
				CLANG_WARN_DEPRECATED_OBJC_IMPLEMENTATIONS = YES;
				CLANG_WARN_DIRECT_OBJC_ISA_USAGE = YES_ERROR;
				CLANG_WARN_DOCUMENTATION_COMMENTS = YES;
				CLANG_WARN_EMPTY_BODY = YES;
				CLANG_WARN_ENUM_CONVERSION = YES;
				CLANG_WARN_INFINITE_RECURSION = YES;
				CLANG_WARN_INT_CONVERSION = YES;
				CLANG_WARN_NON_LITERAL_NULL_CONVERSION = YES;
				CLANG_WARN_OBJC_IMPLICIT_RETAIN_SELF = YES;
				CLANG_WARN_OBJC_LITERAL_CONVERSION = YES;
				CLANG_WARN_OBJC_ROOT_CLASS = YES_ERROR;
				CLANG_WARN_QUOTED_INCLUDE_IN_FRAMEWORK_HEADER = YES;
				CLANG_WARN_RANGE_LOOP_ANALYSIS = YES;
				CLANG_WARN_STRICT_PROTOTYPES = YES;
				CLANG_WARN_SUSPICIOUS_MOVE = YES;
				CLANG_WARN_UNGUARDED_AVAILABILITY = YES_AGGRESSIVE;
				CLANG_WARN_UNREACHABLE_CODE = YES;
				CLANG_WARN__DUPLICATE_METHOD_MATCH = YES;
				COPY_PHASE_STRIP = NO;
				DEBUG_INFORMATION_FORMAT = dwarf;
				DEVELOPMENT_TEAM = 8P2HD5554Q;
				ENABLE_STRICT_OBJC_MSGSEND = YES;
				ENABLE_TESTABILITY = YES;
				ENABLE_USER_SCRIPT_SANDBOXING = YES;
				GCC_C_LANGUAGE_STANDARD = gnu17;
				GCC_DYNAMIC_NO_PIC = NO;
				GCC_NO_COMMON_BLOCKS = YES;
				GCC_OPTIMIZATION_LEVEL = 0;
				GCC_PREPROCESSOR_DEFINITIONS = (
					"DEBUG=1",
					"$(inherited)",
				);
				GCC_WARN_64_TO_32_BIT_CONVERSION = YES;
				GCC_WARN_ABOUT_RETURN_TYPE = YES_ERROR;
				GCC_WARN_UNDECLARED_SELECTOR = YES;
				GCC_WARN_UNINITIALIZED_AUTOS = YES_AGGRESSIVE;
				GCC_WARN_UNUSED_FUNCTION = YES;
				GCC_WARN_UNUSED_VARIABLE = YES;
				IPHONEOS_DEPLOYMENT_TARGET = 18.2;
				LOCALIZATION_PREFERS_STRING_CATALOGS = YES;
				MTL_ENABLE_DEBUG_INFO = INCLUDE_SOURCE;
				MTL_FAST_MATH = YES;
				ONLY_ACTIVE_ARCH = YES;
				SDKROOT = iphoneos;
				SWIFT_ACTIVE_COMPILATION_CONDITIONS = "DEBUG $(inherited)";
				SWIFT_OPTIMIZATION_LEVEL = "-Onone";
			};
			name = Debug;
		};
		560132D42E2F122B006DA73A /* Release */ = {
			isa = XCBuildConfiguration;
			buildSettings = {
				ALWAYS_SEARCH_USER_PATHS = NO;
				ASSETCATALOG_COMPILER_GENERATE_SWIFT_ASSET_SYMBOL_EXTENSIONS = YES;
				CLANG_ANALYZER_NONNULL = YES;
				CLANG_ANALYZER_NUMBER_OBJECT_CONVERSION = YES_AGGRESSIVE;
				CLANG_CXX_LANGUAGE_STANDARD = "gnu++20";
				CLANG_ENABLE_MODULES = YES;
				CLANG_ENABLE_OBJC_ARC = YES;
				CLANG_ENABLE_OBJC_WEAK = YES;
				CLANG_WARN_BLOCK_CAPTURE_AUTORELEASING = YES;
				CLANG_WARN_BOOL_CONVERSION = YES;
				CLANG_WARN_COMMA = YES;
				CLANG_WARN_CONSTANT_CONVERSION = YES;
				CLANG_WARN_DEPRECATED_OBJC_IMPLEMENTATIONS = YES;
				CLANG_WARN_DIRECT_OBJC_ISA_USAGE = YES_ERROR;
				CLANG_WARN_DOCUMENTATION_COMMENTS = YES;
				CLANG_WARN_EMPTY_BODY = YES;
				CLANG_WARN_ENUM_CONVERSION = YES;
				CLANG_WARN_INFINITE_RECURSION = YES;
				CLANG_WARN_INT_CONVERSION = YES;
				CLANG_WARN_NON_LITERAL_NULL_CONVERSION = YES;
				CLANG_WARN_OBJC_IMPLICIT_RETAIN_SELF = YES;
				CLANG_WARN_OBJC_LITERAL_CONVERSION = YES;
				CLANG_WARN_OBJC_ROOT_CLASS = YES_ERROR;
				CLANG_WARN_QUOTED_INCLUDE_IN_FRAMEWORK_HEADER = YES;
				CLANG_WARN_RANGE_LOOP_ANALYSIS = YES;
				CLANG_WARN_STRICT_PROTOTYPES = YES;
				CLANG_WARN_SUSPICIOUS_MOVE = YES;
				CLANG_WARN_UNGUARDED_AVAILABILITY = YES_AGGRESSIVE;
				CLANG_WARN_UNREACHABLE_CODE = YES;
				CLANG_WARN__DUPLICATE_METHOD_MATCH = YES;
				COPY_PHASE_STRIP = NO;
				DEBUG_INFORMATION_FORMAT = "dwarf-with-dsym";
				DEVELOPMENT_TEAM = 8P2HD5554Q;
				ENABLE_NS_ASSERTIONS = NO;
				ENABLE_STRICT_OBJC_MSGSEND = YES;
				ENABLE_USER_SCRIPT_SANDBOXING = YES;
				GCC_C_LANGUAGE_STANDARD = gnu17;
				GCC_NO_COMMON_BLOCKS = YES;
				GCC_WARN_64_TO_32_BIT_CONVERSION = YES;
				GCC_WARN_ABOUT_RETURN_TYPE = YES_ERROR;
				GCC_WARN_UNDECLARED_SELECTOR = YES;
				GCC_WARN_UNINITIALIZED_AUTOS = YES_AGGRESSIVE;
				GCC_WARN_UNUSED_FUNCTION = YES;
				GCC_WARN_UNUSED_VARIABLE = YES;
				IPHONEOS_DEPLOYMENT_TARGET = 18.2;
				LOCALIZATION_PREFERS_STRING_CATALOGS = YES;
				MTL_ENABLE_DEBUG_INFO = NO;
				MTL_FAST_MATH = YES;
				SDKROOT = iphoneos;
				SWIFT_COMPILATION_MODE = wholemodule;
				VALIDATE_PRODUCT = YES;
			};
			name = Release;
		};
		560132D62E2F122B006DA73A /* Debug */ = {
			isa = XCBuildConfiguration;
			buildSettings = {
				ASSETCATALOG_COMPILER_APPICON_NAME = AppIcon;
				ASSETCATALOG_COMPILER_GLOBAL_ACCENT_COLOR_NAME = AccentColor;
				CODE_SIGN_IDENTITY = "Apple Development";
				CODE_SIGN_STYLE = Automatic;
				CURRENT_PROJECT_VERSION = 1;
				DEVELOPMENT_ASSET_PATHS = "\"PetalPal/Preview Content\"";
				DEVELOPMENT_TEAM = 8P2HD5554Q;
				ENABLE_PREVIEWS = YES;
				GENERATE_INFOPLIST_FILE = YES;
				INFOPLIST_FILE = PetalPal/Info.plist;
				INFOPLIST_KEY_NSBluetoothAlwaysUsageDescription = "PetalPal needs Bluetooth access to connect to your plant sensors and monitor their health.";
				INFOPLIST_KEY_NSBluetoothPeripheralUsageDescription = "";
				INFOPLIST_KEY_UIApplicationSceneManifest_Generation = YES;
				INFOPLIST_KEY_UIApplicationSupportsIndirectInputEvents = YES;
				INFOPLIST_KEY_UILaunchScreen_Generation = YES;
				INFOPLIST_KEY_UISupportedInterfaceOrientations_iPad = "UIInterfaceOrientationPortrait UIInterfaceOrientationPortraitUpsideDown UIInterfaceOrientationLandscapeLeft UIInterfaceOrientationLandscapeRight";
				INFOPLIST_KEY_UISupportedInterfaceOrientations_iPhone = "UIInterfaceOrientationPortrait UIInterfaceOrientationLandscapeLeft UIInterfaceOrientationLandscapeRight";
				LD_RUNPATH_SEARCH_PATHS = (
					"$(inherited)",
					"@executable_path/Frameworks",
				);
				MARKETING_VERSION = 1.0;
				PRODUCT_BUNDLE_IDENTIFIER = com.google.petalpal;
				PRODUCT_NAME = "$(TARGET_NAME)";
				PROVISIONING_PROFILE_SPECIFIER = "";
				SWIFT_EMIT_LOC_STRINGS = YES;
				SWIFT_VERSION = 5.0;
				TARGETED_DEVICE_FAMILY = "1,2";
			};
			name = Debug;
		};
		560132D72E2F122B006DA73A /* Release */ = {
			isa = XCBuildConfiguration;
			buildSettings = {
				ASSETCATALOG_COMPILER_APPICON_NAME = AppIcon;
				ASSETCATALOG_COMPILER_GLOBAL_ACCENT_COLOR_NAME = AccentColor;
				CODE_SIGN_IDENTITY = "Apple Development";
				CODE_SIGN_STYLE = Automatic;
				CURRENT_PROJECT_VERSION = 1;
				DEVELOPMENT_ASSET_PATHS = "\"PetalPal/Preview Content\"";
				DEVELOPMENT_TEAM = 8P2HD5554Q;
				ENABLE_PREVIEWS = YES;
				GENERATE_INFOPLIST_FILE = YES;
				INFOPLIST_FILE = PetalPal/Info.plist;
				INFOPLIST_KEY_NSBluetoothAlwaysUsageDescription = "PetalPal needs Bluetooth access to connect to your plant sensors and monitor their health.";
				INFOPLIST_KEY_NSBluetoothPeripheralUsageDescription = "";
				INFOPLIST_KEY_UIApplicationSceneManifest_Generation = YES;
				INFOPLIST_KEY_UIApplicationSupportsIndirectInputEvents = YES;
				INFOPLIST_KEY_UILaunchScreen_Generation = YES;
				INFOPLIST_KEY_UISupportedInterfaceOrientations_iPad = "UIInterfaceOrientationPortrait UIInterfaceOrientationPortraitUpsideDown UIInterfaceOrientationLandscapeLeft UIInterfaceOrientationLandscapeRight";
				INFOPLIST_KEY_UISupportedInterfaceOrientations_iPhone = "UIInterfaceOrientationPortrait UIInterfaceOrientationLandscapeLeft UIInterfaceOrientationLandscapeRight";
				LD_RUNPATH_SEARCH_PATHS = (
					"$(inherited)",
					"@executable_path/Frameworks",
				);
				MARKETING_VERSION = 1.0;
				PRODUCT_BUNDLE_IDENTIFIER = com.google.petalpal;
				PRODUCT_NAME = "$(TARGET_NAME)";
				PROVISIONING_PROFILE_SPECIFIER = "";
				SWIFT_EMIT_LOC_STRINGS = YES;
				SWIFT_VERSION = 5.0;
				TARGETED_DEVICE_FAMILY = "1,2";
			};
			name = Release;
		};
/* End XCBuildConfiguration section */

/* Begin XCConfigurationList section */
		560132C22E2F1229006DA73A /* Build configuration list for PBXProject "PetalPal" */ = {
			isa = XCConfigurationList;
			buildConfigurations = (
				560132D32E2F122B006DA73A /* Debug */,
				560132D42E2F122B006DA73A /* Release */,
			);
			defaultConfigurationIsVisible = 0;
			defaultConfigurationName = Release;
		};
		560132D52E2F122B006DA73A /* Build configuration list for PBXNativeTarget "PetalPal" */ = {
			isa = XCConfigurationList;
			buildConfigurations = (
				560132D62E2F122B006DA73A /* Debug */,
				560132D72E2F122B006DA73A /* Release */,
			);
			defaultConfigurationIsVisible = 0;
			defaultConfigurationName = Release;
		};
/* End XCConfigurationList section */

/* Begin XCRemoteSwiftPackageReference section */
		3FC4615E2E4044300097EC72 /* XCRemoteSwiftPackageReference "firebase-ios-sdk" */ = {
			isa = XCRemoteSwiftPackageReference;
			repositoryURL = "https://github.com/firebase/firebase-ios-sdk.git";
			requirement = {
				kind = upToNextMajorVersion;
				minimumVersion = 12.0.0;
			};
		};
/* End XCRemoteSwiftPackageReference section */

/* Begin XCSwiftPackageProductDependency section */
		3FC4615F2E4044300097EC72 /* FirebaseAI */ = {
			isa = XCSwiftPackageProductDependency;
			package = 3FC4615E2E4044300097EC72 /* XCRemoteSwiftPackageReference "firebase-ios-sdk" */;
			productName = FirebaseAI;
		};
		3FC461612E4044300097EC72 /* FirebaseAnalytics */ = {
			isa = XCSwiftPackageProductDependency;
			package = 3FC4615E2E4044300097EC72 /* XCRemoteSwiftPackageReference "firebase-ios-sdk" */;
			productName = FirebaseAnalytics;
		};
		3FC461632E4044300097EC72 /* FirebaseAnalyticsCore */ = {
			isa = XCSwiftPackageProductDependency;
			package = 3FC4615E2E4044300097EC72 /* XCRemoteSwiftPackageReference "firebase-ios-sdk" */;
			productName = FirebaseAnalyticsCore;
		};
		3FC461652E4044300097EC72 /* FirebaseAnalyticsIdentitySupport */ = {
			isa = XCSwiftPackageProductDependency;
			package = 3FC4615E2E4044300097EC72 /* XCRemoteSwiftPackageReference "firebase-ios-sdk" */;
			productName = FirebaseAnalyticsIdentitySupport;
		};
		3FC461672E4044300097EC72 /* FirebaseAppCheck */ = {
			isa = XCSwiftPackageProductDependency;
			package = 3FC4615E2E4044300097EC72 /* XCRemoteSwiftPackageReference "firebase-ios-sdk" */;
			productName = FirebaseAppCheck;
		};
		3FC461692E4044300097EC72 /* FirebaseAppDistribution-Beta */ = {
			isa = XCSwiftPackageProductDependency;
			package = 3FC4615E2E4044300097EC72 /* XCRemoteSwiftPackageReference "firebase-ios-sdk" */;
			productName = "FirebaseAppDistribution-Beta";
		};
		3FC4616B2E4044300097EC72 /* FirebaseAuth */ = {
			isa = XCSwiftPackageProductDependency;
			package = 3FC4615E2E4044300097EC72 /* XCRemoteSwiftPackageReference "firebase-ios-sdk" */;
			productName = FirebaseAuth;
		};
		3FC4616D2E4044300097EC72 /* FirebaseAuthCombine-Community */ = {
			isa = XCSwiftPackageProductDependency;
			package = 3FC4615E2E4044300097EC72 /* XCRemoteSwiftPackageReference "firebase-ios-sdk" */;
			productName = "FirebaseAuthCombine-Community";
		};
		3FC4616F2E4044300097EC72 /* FirebaseCore */ = {
			isa = XCSwiftPackageProductDependency;
			package = 3FC4615E2E4044300097EC72 /* XCRemoteSwiftPackageReference "firebase-ios-sdk" */;
			productName = FirebaseCore;
		};
		3FC461712E4044300097EC72 /* FirebaseCrashlytics */ = {
			isa = XCSwiftPackageProductDependency;
			package = 3FC4615E2E4044300097EC72 /* XCRemoteSwiftPackageReference "firebase-ios-sdk" */;
			productName = FirebaseCrashlytics;
		};
		3FC461732E4044300097EC72 /* FirebaseDatabase */ = {
			isa = XCSwiftPackageProductDependency;
			package = 3FC4615E2E4044300097EC72 /* XCRemoteSwiftPackageReference "firebase-ios-sdk" */;
			productName = FirebaseDatabase;
		};
		3FC461752E4044300097EC72 /* FirebaseFirestore */ = {
			isa = XCSwiftPackageProductDependency;
			package = 3FC4615E2E4044300097EC72 /* XCRemoteSwiftPackageReference "firebase-ios-sdk" */;
			productName = FirebaseFirestore;
		};
		3FC461772E4044300097EC72 /* FirebaseFirestoreCombine-Community */ = {
			isa = XCSwiftPackageProductDependency;
			package = 3FC4615E2E4044300097EC72 /* XCRemoteSwiftPackageReference "firebase-ios-sdk" */;
			productName = "FirebaseFirestoreCombine-Community";
		};
		3FC461792E4044300097EC72 /* FirebaseFunctions */ = {
			isa = XCSwiftPackageProductDependency;
			package = 3FC4615E2E4044300097EC72 /* XCRemoteSwiftPackageReference "firebase-ios-sdk" */;
			productName = FirebaseFunctions;
		};
		3FC4617B2E4044300097EC72 /* FirebaseFunctionsCombine-Community */ = {
			isa = XCSwiftPackageProductDependency;
			package = 3FC4615E2E4044300097EC72 /* XCRemoteSwiftPackageReference "firebase-ios-sdk" */;
			productName = "FirebaseFunctionsCombine-Community";
		};
		3FC4617D2E4044300097EC72 /* FirebaseInAppMessaging-Beta */ = {
			isa = XCSwiftPackageProductDependency;
			package = 3FC4615E2E4044300097EC72 /* XCRemoteSwiftPackageReference "firebase-ios-sdk" */;
			productName = "FirebaseInAppMessaging-Beta";
		};
		3FC4617F2E4044300097EC72 /* FirebaseInstallations */ = {
			isa = XCSwiftPackageProductDependency;
			package = 3FC4615E2E4044300097EC72 /* XCRemoteSwiftPackageReference "firebase-ios-sdk" */;
			productName = FirebaseInstallations;
		};
		3FC461812E4044300097EC72 /* FirebaseMLModelDownloader */ = {
			isa = XCSwiftPackageProductDependency;
			package = 3FC4615E2E4044300097EC72 /* XCRemoteSwiftPackageReference "firebase-ios-sdk" */;
			productName = FirebaseMLModelDownloader;
		};
		3FC461832E4044300097EC72 /* FirebaseMessaging */ = {
			isa = XCSwiftPackageProductDependency;
			package = 3FC4615E2E4044300097EC72 /* XCRemoteSwiftPackageReference "firebase-ios-sdk" */;
			productName = FirebaseMessaging;
		};
		3FC461852E4044300097EC72 /* FirebasePerformance */ = {
			isa = XCSwiftPackageProductDependency;
			package = 3FC4615E2E4044300097EC72 /* XCRemoteSwiftPackageReference "firebase-ios-sdk" */;
			productName = FirebasePerformance;
		};
		3FC461872E4044300097EC72 /* FirebaseRemoteConfig */ = {
			isa = XCSwiftPackageProductDependency;
			package = 3FC4615E2E4044300097EC72 /* XCRemoteSwiftPackageReference "firebase-ios-sdk" */;
			productName = FirebaseRemoteConfig;
		};
		3FC461892E4044300097EC72 /* FirebaseStorage */ = {
			isa = XCSwiftPackageProductDependency;
			package = 3FC4615E2E4044300097EC72 /* XCRemoteSwiftPackageReference "firebase-ios-sdk" */;
			productName = FirebaseStorage;
		};
		3FC4618B2E4044300097EC72 /* FirebaseStorageCombine-Community */ = {
			isa = XCSwiftPackageProductDependency;
			package = 3FC4615E2E4044300097EC72 /* XCRemoteSwiftPackageReference "firebase-ios-sdk" */;
			productName = "FirebaseStorageCombine-Community";
		};
/* End XCSwiftPackageProductDependency section */
	};
	rootObject = 560132BF2E2F1229006DA73A /* Project object */;
}
